
Microsoft Visual Studio Solution File, Format Version 12.00
# Visual Studio Version 16
VisualStudioVersion = 16.0.29306.81
MinimumVisualStudioVersion = 10.0.40219.1
Project("{FAE04EC0-301F-11D3-BF4B-00C04F79EFBC}") = "Lr5Interfaces", "Lr5Interfaces\Lr5Interfaces.csproj", "{A63FF758-F5B7-4191-9F9F-CB28291EC793}"
EndProject
Global
	GlobalSection(SolutionConfigurationPlatforms) = preSolution
		Debug|Any CPU = Debug|Any CPU
		Release|Any CPU = Release|Any CPU
	EndGlobalSection
	GlobalSection(ProjectConfigurationPlatforms) = postSolution
		{A63FF758-F5B7-4191-9F9F-CB28291EC793}.Debug|Any CPU.ActiveCfg = Debug|Any CPU
		{A63FF758-F5B7-4191-9F9F-CB28291EC793}.Debug|Any CPU.Build.0 = Debug|Any CPU
		{A63FF758-F5B7-4191-9F9F-CB28291EC793}.Release|Any CPU.ActiveCfg = Release|Any CPU
		{A63FF758-F5B7-4191-9F9F-CB28291EC793}.Release|Any CPU.Build.0 = Release|Any CPU
	EndGlobalSection
	GlobalSection(SolutionProperties) = preSolution
		HideSolutionNode = FALSE
	EndGlobalSection
	GlobalSection(ExtensibilityGlobals) = postSolution
		SolutionGuid = {88FAAE40-7378-46EF-BBAA-020D96E39E69}
	EndGlobalSection
EndGlobal
